<?xml version="1.0" encoding="UTF-8"?>
<Scheme
   LastUpgradeVersion = "1400"
   version = "1.3">
   <BuildAction
      parallelizeBuildables = "YES"
      buildImplicitDependencies = "YES">
      <BuildActionEntries>
         <BuildActionEntry
            buildForTesting = "YES"
            buildForRunning = "YES"
            buildForProfiling = "YES"
            buildForArchiving = "YES"
            buildForAnalyzing = "YES">
            <BuildableReference
               BuildableIdentifier = "primary"
               BlueprintIdentifier = "768E08EC27B10A1700BD0E08"
               BuildableName = "AdScopeDemo.app"
               BlueprintName = "AdScopeDemo"
               ReferencedContainer = "container:AdScopeDemo.xcodeproj">
            </BuildableReference>
         </BuildActionEntry>
      </BuildActionEntries>
   </BuildAction>
   <TestAction
      buildConfiguration = "Release"
      selectedDebuggerIdentifier = "Xcode.DebuggerFoundation.Debugger.LLDB"
      selectedLauncherIdentifier = "Xcode.DebuggerFoundation.Launcher.LLDB"
      shouldUseLaunchSchemeArgsEnv = "YES">
      <Testables>
         <TestableReference
            skipped = "YES">
            <BuildableReference
               BuildableIdentifier = "primary"
               BlueprintIdentifier = "768E090727B10A1900BD0E08"
               BuildableName = "AdScopeDemoTests.xctest"
               BlueprintName = "AdScopeDemoTests"
               ReferencedContainer = "container:AdScopeDemo.xcodeproj">
            </BuildableReference>
         </TestableReference>
         <TestableReference
            skipped = "NO">
            <BuildableReference
               BuildableIdentifier = "primary"
               BlueprintIdentifier = "768E091127B10A1900BD0E08"
               BuildableName = "AdScopeDemoUITests.xctest"
               BlueprintName = "AdScopeDemoUITests"
               ReferencedContainer = "container:AdScopeDemo.xcodeproj">
            </BuildableReference>
            <SkippedTests>
               <Test
                  Identifier = "AdScopeDemoUITests/testExample">
               </Test>
               <Test
                  Identifier = "AdScopeDemoUITests/testLaunchPerformance">
               </Test>
               <Test
                  Identifier = "AdScopeDemoUITests/testNativeAd">
               </Test>
               <Test
                  Identifier = "AdScopeDemoUITests/testSplashAd">
               </Test>
               <Test
                  Identifier = "AdScopeDemoUITestsLaunchTests">
               </Test>
            </SkippedTests>
         </TestableReference>
      </Testables>
   </TestAction>
   <LaunchAction
      buildConfiguration = "Release"
      selectedDebuggerIdentifier = "Xcode.DebuggerFoundation.Debugger.LLDB"
      selectedLauncherIdentifier = "Xcode.DebuggerFoundation.Launcher.LLDB"
      launchStyle = "0"
      useCustomWorkingDirectory = "NO"
      ignoresPersistentStateOnLaunch = "NO"
      debugDocumentVersioning = "YES"
      debugServiceExtension = "internal"
      allowLocationSimulation = "YES">
      <BuildableProductRunnable
         runnableDebuggingMode = "0">
         <BuildableReference
            BuildableIdentifier = "primary"
            BlueprintIdentifier = "768E08EC27B10A1700BD0E08"
            BuildableName = "AdScopeDemo.app"
            BlueprintName = "AdScopeDemo"
            ReferencedContainer = "container:AdScopeDemo.xcodeproj">
         </BuildableReference>
      </BuildableProductRunnable>
   </LaunchAction>
   <ProfileAction
      buildConfiguration = "Release"
      shouldUseLaunchSchemeArgsEnv = "YES"
      savedToolIdentifier = ""
      useCustomWorkingDirectory = "NO"
      debugDocumentVersioning = "YES">
      <BuildableProductRunnable
         runnableDebuggingMode = "0">
         <BuildableReference
            BuildableIdentifier = "primary"
            BlueprintIdentifier = "768E08EC27B10A1700BD0E08"
            BuildableName = "AdScopeDemo.app"
            BlueprintName = "AdScopeDemo"
            ReferencedContainer = "container:AdScopeDemo.xcodeproj">
         </BuildableReference>
      </BuildableProductRunnable>
   </ProfileAction>
   <AnalyzeAction
      buildConfiguration = "Release">
   </AnalyzeAction>
   <ArchiveAction
      buildConfiguration = "Release"
      revealArchiveInOrganizer = "YES">
   </ArchiveAction>
</Scheme>
